
Microsoft Visual Studio Solution File, Format Version 12.00
# Visual Studio Version 16
VisualStudioVersion = 16.0.29326.143
MinimumVisualStudioVersion = 10.0.40219.1
Project("{9A19103F-16F7-4668-BE54-9A1E7A4F7556}") = "Задача 4", "АСД_Задачи\Задача 4.csproj", "{D4FFB496-FD3B-4811-9DDB-CCC550C524FD}"
EndProject
Project("{9A19103F-16F7-4668-BE54-9A1E7A4F7556}") = "Задача 3", "Задача 3\Задача 3.csproj", "{5326C341-131D-49CC-8361-4F8C46110AFA}"
EndProject
Project("{9A19103F-16F7-4668-BE54-9A1E7A4F7556}") = "Задача 1", "Задача 1\Задача 1.csproj", "{997A8D9B-4E28-42CD-8594-B50B612AFC89}"
EndProject
Global
	GlobalSection(SolutionConfigurationPlatforms) = preSolution
		Debug|Any CPU = Debug|Any CPU
		Release|Any CPU = Release|Any CPU
	EndGlobalSection
	GlobalSection(ProjectConfigurationPlatforms) = postSolution
		{D4FFB496-FD3B-4811-9DDB-CCC550C524FD}.Debug|Any CPU.ActiveCfg = Debug|Any CPU
		{D4FFB496-FD3B-4811-9DDB-CCC550C524FD}.Debug|Any CPU.Build.0 = Debug|Any CPU
		{D4FFB496-FD3B-4811-9DDB-CCC550C524FD}.Release|Any CPU.ActiveCfg = Release|Any CPU
		{D4FFB496-FD3B-4811-9DDB-CCC550C524FD}.Release|Any CPU.Build.0 = Release|Any CPU
		{5326C341-131D-49CC-8361-4F8C46110AFA}.Debug|Any CPU.ActiveCfg = Debug|Any CPU
		{5326C341-131D-49CC-8361-4F8C46110AFA}.Debug|Any CPU.Build.0 = Debug|Any CPU
		{5326C341-131D-49CC-8361-4F8C46110AFA}.Release|Any CPU.ActiveCfg = Release|Any CPU
		{5326C341-131D-49CC-8361-4F8C46110AFA}.Release|Any CPU.Build.0 = Release|Any CPU
		{997A8D9B-4E28-42CD-8594-B50B612AFC89}.Debug|Any CPU.ActiveCfg = Debug|Any CPU
		{997A8D9B-4E28-42CD-8594-B50B612AFC89}.Debug|Any CPU.Build.0 = Debug|Any CPU
		{997A8D9B-4E28-42CD-8594-B50B612AFC89}.Release|Any CPU.ActiveCfg = Release|Any CPU
		{997A8D9B-4E28-42CD-8594-B50B612AFC89}.Release|Any CPU.Build.0 = Release|Any CPU
	EndGlobalSection
	GlobalSection(SolutionProperties) = preSolution
		HideSolutionNode = FALSE
	EndGlobalSection
	GlobalSection(ExtensibilityGlobals) = postSolution
		SolutionGuid = {AEDF25B3-0E76-4F28-91E5-72E573F7247A}
	EndGlobalSection
EndGlobal
